
Microsoft Visual Studio Solution File, Format Version 12.00
# Visual Studio Version 16
VisualStudioVersion = 16.0.31624.102
MinimumVisualStudioVersion = 10.0.40219.1
Project("{9A19103F-16F7-4668-BE54-9A1E7A4F7556}") = "Libs", "Libs\Libs.csproj", "{8A46FAE6-3513-4484-9FC2-C4E32B369FAF}"
EndProject
Project("{9A19103F-16F7-4668-BE54-9A1E7A4F7556}") = "Webjobs", "Webjobs\Webjobs.csproj", "{F4C77176-5797-4FAF-ABAF-4C4B7C7E64D6}"
EndProject
Global
	GlobalSection(SolutionConfigurationPlatforms) = preSolution
		Debug|Any CPU = Debug|Any CPU
		Release|Any CPU = Release|Any CPU
	EndGlobalSection
	GlobalSection(ProjectConfigurationPlatforms) = postSolution
		{8A46FAE6-3513-4484-9FC2-C4E32B369FAF}.Debug|Any CPU.ActiveCfg = Debug|Any CPU
		{8A46FAE6-3513-4484-9FC2-C4E32B369FAF}.Debug|Any CPU.Build.0 = Debug|Any CPU
		{8A46FAE6-3513-4484-9FC2-C4E32B369FAF}.Release|Any CPU.ActiveCfg = Release|Any CPU
		{8A46FAE6-3513-4484-9FC2-C4E32B369FAF}.Release|Any CPU.Build.0 = Release|Any CPU
		{F4C77176-5797-4FAF-ABAF-4C4B7C7E64D6}.Debug|Any CPU.ActiveCfg = Debug|Any CPU
		{F4C77176-5797-4FAF-ABAF-4C4B7C7E64D6}.Debug|Any CPU.Build.0 = Debug|Any CPU
		{F4C77176-5797-4FAF-ABAF-4C4B7C7E64D6}.Release|Any CPU.ActiveCfg = Release|Any CPU
		{F4C77176-5797-4FAF-ABAF-4C4B7C7E64D6}.Release|Any CPU.Build.0 = Release|Any CPU
	EndGlobalSection
	GlobalSection(SolutionProperties) = preSolution
		HideSolutionNode = FALSE
	EndGlobalSection
	GlobalSection(ExtensibilityGlobals) = postSolution
		SolutionGuid = {FA90D01F-4CB4-48B2-A91C-3F60B9DF36E6}
	EndGlobalSection
EndGlobal
